
Microsoft Visual Studio Solution File, Format Version 12.00
# Visual Studio Version 17
VisualStudioVersion = 17.8.34316.72
MinimumVisualStudioVersion = 10.0.40219.1
Project("{FAE04EC0-301F-11D3-BF4B-00C04F79EFBC}") = "ChallengeApp", "ChallengeApp\ChallengeApp.csproj", "{653D6281-7210-4F0B-BF78-72C0BE4B5524}"
EndProject
Global
	GlobalSection(SolutionConfigurationPlatforms) = preSolution
		Debug|Any CPU = Debug|Any CPU
		Release|Any CPU = Release|Any CPU
	EndGlobalSection
	GlobalSection(ProjectConfigurationPlatforms) = postSolution
		{653D6281-7210-4F0B-BF78-72C0BE4B5524}.Debug|Any CPU.ActiveCfg = Debug|Any CPU
		{653D6281-7210-4F0B-BF78-72C0BE4B5524}.Debug|Any CPU.Build.0 = Debug|Any CPU
		{653D6281-7210-4F0B-BF78-72C0BE4B5524}.Release|Any CPU.ActiveCfg = Release|Any CPU
		{653D6281-7210-4F0B-BF78-72C0BE4B5524}.Release|Any CPU.Build.0 = Release|Any CPU
	EndGlobalSection
	GlobalSection(SolutionProperties) = preSolution
		HideSolutionNode = FALSE
	EndGlobalSection
	GlobalSection(ExtensibilityGlobals) = postSolution
		SolutionGuid = {E293BF62-9B6D-4156-8B61-8FD715E16F5A}
	EndGlobalSection
EndGlobal
